
Microsoft Visual Studio Solution File, Format Version 12.00
# Visual Studio Version 17
VisualStudioVersion = 17.0.31903.59
MinimumVisualStudioVersion = 10.0.40219.1
Project("{2150E333-8FDC-42A3-9474-1A3956D46DE8}") = "1 - Presentation", "1 - Presentation", "{3AF39DFD-6D2D-4EA1-930A-0DE715D667B8}"
EndProject
Project("{FAE04EC0-301F-11D3-BF4B-00C04F79EFBC}") = "MySolution.WebApi", "src\MySolution.WebApi\MySolution.WebApi.csproj", "{BE063DB1-E9FC-42EF-AFDC-A7B5C7AC5F46}"
EndProject
Project("{FAE04EC0-301F-11D3-BF4B-00C04F79EFBC}") = "MySolution.WebApi.Models", "src\MySolution.WebApi.Models\MySolution.WebApi.Models.csproj", "{F8CBFBEB-7B83-4A6C-B1B6-73FC0398783B}"
EndProject
Project("{2150E333-8FDC-42A3-9474-1A3956D46DE8}") = "2 - Application", "2 - Application", "{5625B15E-998D-4D98-BCEE-E82D43C64BF0}"
EndProject
Project("{FAE04EC0-301F-11D3-BF4B-00C04F79EFBC}") = "MySolution.Application", "src\MySolution.Application\MySolution.Application.csproj", "{79CE8F54-3278-423B-8952-A3AE54E886D5}"
EndProject
Project("{2150E333-8FDC-42A3-9474-1A3956D46DE8}") = "3 - Domain", "3 - Domain", "{F3724D6F-7E05-4AC0-AD5B-375EFDD3593E}"
EndProject
Project("{FAE04EC0-301F-11D3-BF4B-00C04F79EFBC}") = "MySolution.Domain", "src\MySolution.Domain\MySolution.Domain.csproj", "{06D8F89F-DF63-409D-925B-7B26B169C37B}"
EndProject
Project("{2150E333-8FDC-42A3-9474-1A3956D46DE8}") = "4 - Infra", "4 - Infra", "{CD6300F9-8193-43CD-AADD-F121CB26C10F}"
EndProject
Project("{2150E333-8FDC-42A3-9474-1A3956D46DE8}") = "4.1 - Data", "4.1 - Data", "{E0086938-2194-49A8-8750-B08B4410E493}"
EndProject
Project("{FAE04EC0-301F-11D3-BF4B-00C04F79EFBC}") = "MySolution.Infra.Data", "src\MySolution.Infra.Data\MySolution.Infra.Data.csproj", "{D7937F62-C164-4436-958F-F853A89C3CD2}"
EndProject
Project("{2150E333-8FDC-42A3-9474-1A3956D46DE8}") = "4.2 - CrossCutting", "4.2 - CrossCutting", "{42719A5F-111B-473B-9ED8-6EB2261AA9CF}"
EndProject
Project("{FAE04EC0-301F-11D3-BF4B-00C04F79EFBC}") = "MySolution.Infra.CrossCutting", "src\MySolution.Infra.CrossCutting\MySolution.Infra.CrossCutting.csproj", "{D8DEDB15-B928-4030-A1DC-1B6E0524C2F6}"
EndProject
Project("{FAE04EC0-301F-11D3-BF4B-00C04F79EFBC}") = "MySolution.Infra.CrossCutting.IoC", "src\MySolution.Infra.CrossCutting.IoC\MySolution.Infra.CrossCutting.IoC.csproj", "{DC4874C1-06E5-42A0-87EC-97BF9A6ABF95}"
EndProject
Project("{2150E333-8FDC-42A3-9474-1A3956D46DE8}") = "5 - Tests", "5 - Tests", "{5F3727B1-B320-4385-8D7F-FEA4409E07C2}"
EndProject
Project("{FAE04EC0-301F-11D3-BF4B-00C04F79EFBC}") = "MySolution.UnitTest", "tests\MySolution.UnitTest\MySolution.UnitTest.csproj", "{F327CDBB-BE18-42D6-8BA0-B7324AC05555}"
EndProject
Project("{FAE04EC0-301F-11D3-BF4B-00C04F79EFBC}") = "MySolution.IntegrationTest", "tests\MySolution.IntegrationTest\MySolution.IntegrationTest.csproj", "{3B13047A-BB3C-4978-94DB-877B25498D96}"
EndProject
Global
	GlobalSection(SolutionConfigurationPlatforms) = preSolution
		Debug|Any CPU = Debug|Any CPU
		Release|Any CPU = Release|Any CPU
	EndGlobalSection
	GlobalSection(SolutionProperties) = preSolution
		HideSolutionNode = FALSE
	EndGlobalSection
	GlobalSection(ProjectConfigurationPlatforms) = postSolution
		{BE063DB1-E9FC-42EF-AFDC-A7B5C7AC5F46}.Debug|Any CPU.ActiveCfg = Debug|Any CPU
		{BE063DB1-E9FC-42EF-AFDC-A7B5C7AC5F46}.Debug|Any CPU.Build.0 = Debug|Any CPU
		{BE063DB1-E9FC-42EF-AFDC-A7B5C7AC5F46}.Release|Any CPU.ActiveCfg = Release|Any CPU
		{BE063DB1-E9FC-42EF-AFDC-A7B5C7AC5F46}.Release|Any CPU.Build.0 = Release|Any CPU
		{F8CBFBEB-7B83-4A6C-B1B6-73FC0398783B}.Debug|Any CPU.ActiveCfg = Debug|Any CPU
		{F8CBFBEB-7B83-4A6C-B1B6-73FC0398783B}.Debug|Any CPU.Build.0 = Debug|Any CPU
		{F8CBFBEB-7B83-4A6C-B1B6-73FC0398783B}.Release|Any CPU.ActiveCfg = Release|Any CPU
		{F8CBFBEB-7B83-4A6C-B1B6-73FC0398783B}.Release|Any CPU.Build.0 = Release|Any CPU
		{79CE8F54-3278-423B-8952-A3AE54E886D5}.Debug|Any CPU.ActiveCfg = Debug|Any CPU
		{79CE8F54-3278-423B-8952-A3AE54E886D5}.Debug|Any CPU.Build.0 = Debug|Any CPU
		{79CE8F54-3278-423B-8952-A3AE54E886D5}.Release|Any CPU.ActiveCfg = Release|Any CPU
		{79CE8F54-3278-423B-8952-A3AE54E886D5}.Release|Any CPU.Build.0 = Release|Any CPU
		{06D8F89F-DF63-409D-925B-7B26B169C37B}.Debug|Any CPU.ActiveCfg = Debug|Any CPU
		{06D8F89F-DF63-409D-925B-7B26B169C37B}.Debug|Any CPU.Build.0 = Debug|Any CPU
		{06D8F89F-DF63-409D-925B-7B26B169C37B}.Release|Any CPU.ActiveCfg = Release|Any CPU
		{06D8F89F-DF63-409D-925B-7B26B169C37B}.Release|Any CPU.Build.0 = Release|Any CPU
		{D7937F62-C164-4436-958F-F853A89C3CD2}.Debug|Any CPU.ActiveCfg = Debug|Any CPU
		{D7937F62-C164-4436-958F-F853A89C3CD2}.Debug|Any CPU.Build.0 = Debug|Any CPU
		{D7937F62-C164-4436-958F-F853A89C3CD2}.Release|Any CPU.ActiveCfg = Release|Any CPU
		{D7937F62-C164-4436-958F-F853A89C3CD2}.Release|Any CPU.Build.0 = Release|Any CPU
		{D8DEDB15-B928-4030-A1DC-1B6E0524C2F6}.Debug|Any CPU.ActiveCfg = Debug|Any CPU
		{D8DEDB15-B928-4030-A1DC-1B6E0524C2F6}.Debug|Any CPU.Build.0 = Debug|Any CPU
		{D8DEDB15-B928-4030-A1DC-1B6E0524C2F6}.Release|Any CPU.ActiveCfg = Release|Any CPU
		{D8DEDB15-B928-4030-A1DC-1B6E0524C2F6}.Release|Any CPU.Build.0 = Release|Any CPU
		{DC4874C1-06E5-42A0-87EC-97BF9A6ABF95}.Debug|Any CPU.ActiveCfg = Debug|Any CPU
		{DC4874C1-06E5-42A0-87EC-97BF9A6ABF95}.Debug|Any CPU.Build.0 = Debug|Any CPU
		{DC4874C1-06E5-42A0-87EC-97BF9A6ABF95}.Release|Any CPU.ActiveCfg = Release|Any CPU
		{DC4874C1-06E5-42A0-87EC-97BF9A6ABF95}.Release|Any CPU.Build.0 = Release|Any CPU
		{F327CDBB-BE18-42D6-8BA0-B7324AC05555}.Debug|Any CPU.ActiveCfg = Debug|Any CPU
		{F327CDBB-BE18-42D6-8BA0-B7324AC05555}.Debug|Any CPU.Build.0 = Debug|Any CPU
		{F327CDBB-BE18-42D6-8BA0-B7324AC05555}.Release|Any CPU.ActiveCfg = Release|Any CPU
		{F327CDBB-BE18-42D6-8BA0-B7324AC05555}.Release|Any CPU.Build.0 = Release|Any CPU
		{3B13047A-BB3C-4978-94DB-877B25498D96}.Debug|Any CPU.ActiveCfg = Debug|Any CPU
		{3B13047A-BB3C-4978-94DB-877B25498D96}.Debug|Any CPU.Build.0 = Debug|Any CPU
		{3B13047A-BB3C-4978-94DB-877B25498D96}.Release|Any CPU.ActiveCfg = Release|Any CPU
		{3B13047A-BB3C-4978-94DB-877B25498D96}.Release|Any CPU.Build.0 = Release|Any CPU
	EndGlobalSection
	GlobalSection(NestedProjects) = preSolution
		{BE063DB1-E9FC-42EF-AFDC-A7B5C7AC5F46} = {3AF39DFD-6D2D-4EA1-930A-0DE715D667B8}
		{F8CBFBEB-7B83-4A6C-B1B6-73FC0398783B} = {3AF39DFD-6D2D-4EA1-930A-0DE715D667B8}
		{79CE8F54-3278-423B-8952-A3AE54E886D5} = {5625B15E-998D-4D98-BCEE-E82D43C64BF0}
		{06D8F89F-DF63-409D-925B-7B26B169C37B} = {F3724D6F-7E05-4AC0-AD5B-375EFDD3593E}
		{E0086938-2194-49A8-8750-B08B4410E493} = {CD6300F9-8193-43CD-AADD-F121CB26C10F}
		{D7937F62-C164-4436-958F-F853A89C3CD2} = {E0086938-2194-49A8-8750-B08B4410E493}
		{42719A5F-111B-473B-9ED8-6EB2261AA9CF} = {CD6300F9-8193-43CD-AADD-F121CB26C10F}
		{D8DEDB15-B928-4030-A1DC-1B6E0524C2F6} = {42719A5F-111B-473B-9ED8-6EB2261AA9CF}
		{DC4874C1-06E5-42A0-87EC-97BF9A6ABF95} = {42719A5F-111B-473B-9ED8-6EB2261AA9CF}
		{F327CDBB-BE18-42D6-8BA0-B7324AC05555} = {5F3727B1-B320-4385-8D7F-FEA4409E07C2}
		{3B13047A-BB3C-4978-94DB-877B25498D96} = {5F3727B1-B320-4385-8D7F-FEA4409E07C2}
	EndGlobalSection
EndGlobal
